
Microsoft Visual Studio Solution File, Format Version 12.00
# Visual Studio 15
VisualStudioVersion = 15.0.28307.539
MinimumVisualStudioVersion = 10.0.40219.1
Project("{E24C65DC-7377-472B-9ABA-BC803B73C61A}") = "Vue", "..\", "{48EA5A72-F74F-4C15-8DE5-CD57E423BDEA}"
	ProjectSection(WebsiteProperties) = preProject
		TargetFrameworkMoniker = ".NETFramework,Version%3Dv4.0"
		Debug.AspNetCompiler.VirtualPath = "/localhost_57111"
		Debug.AspNetCompiler.PhysicalPath = "E:\技术学习\Vue\"
		Debug.AspNetCompiler.TargetPath = "PrecompiledWeb\localhost_57111\"
		Debug.AspNetCompiler.Updateable = "true"
		Debug.AspNetCompiler.ForceOverwrite = "true"
		Debug.AspNetCompiler.FixedNames = "false"
		Debug.AspNetCompiler.Debug = "True"
		Release.AspNetCompiler.VirtualPath = "/localhost_57111"
		Release.AspNetCompiler.PhysicalPath = "E:\技术学习\Vue\"
		Release.AspNetCompiler.TargetPath = "PrecompiledWeb\localhost_57111\"
		Release.AspNetCompiler.Updateable = "true"
		Release.AspNetCompiler.ForceOverwrite = "true"
		Release.AspNetCompiler.FixedNames = "false"
		Release.AspNetCompiler.Debug = "False"
		VWDPort = "57111"
	EndProjectSection
EndProject
Global
	GlobalSection(SolutionConfigurationPlatforms) = preSolution
		Debug|Any CPU = Debug|Any CPU
	EndGlobalSection
	GlobalSection(ProjectConfigurationPlatforms) = postSolution
		{48EA5A72-F74F-4C15-8DE5-CD57E423BDEA}.Debug|Any CPU.ActiveCfg = Debug|Any CPU
		{48EA5A72-F74F-4C15-8DE5-CD57E423BDEA}.Debug|Any CPU.Build.0 = Debug|Any CPU
	EndGlobalSection
	GlobalSection(SolutionProperties) = preSolution
		HideSolutionNode = FALSE
	EndGlobalSection
	GlobalSection(ExtensibilityGlobals) = postSolution
		SolutionGuid = {2959AB04-7DA4-48F6-85C3-40610BDA8EBA}
	EndGlobalSection
EndGlobal
